
Microsoft Visual Studio Solution File, Format Version 12.00
# Visual Studio Version 17
VisualStudioVersion = 17.7.34031.279
MinimumVisualStudioVersion = 10.0.40219.1
Project("{FAE04EC0-301F-11D3-BF4B-00C04F79EFBC}") = "PracticaExamen1", "PracticaExamen1\PracticaExamen1.csproj", "{ECA67E88-CA7A-40E6-BF47-BF84506D17EF}"
EndProject
Global
	GlobalSection(SolutionConfigurationPlatforms) = preSolution
		Debug|Any CPU = Debug|Any CPU
		Release|Any CPU = Release|Any CPU
	EndGlobalSection
	GlobalSection(ProjectConfigurationPlatforms) = postSolution
		{ECA67E88-CA7A-40E6-BF47-BF84506D17EF}.Debug|Any CPU.ActiveCfg = Debug|Any CPU
		{ECA67E88-CA7A-40E6-BF47-BF84506D17EF}.Debug|Any CPU.Build.0 = Debug|Any CPU
		{ECA67E88-CA7A-40E6-BF47-BF84506D17EF}.Release|Any CPU.ActiveCfg = Release|Any CPU
		{ECA67E88-CA7A-40E6-BF47-BF84506D17EF}.Release|Any CPU.Build.0 = Release|Any CPU
	EndGlobalSection
	GlobalSection(SolutionProperties) = preSolution
		HideSolutionNode = FALSE
	EndGlobalSection
	GlobalSection(ExtensibilityGlobals) = postSolution
		SolutionGuid = {2D4925B8-13C2-40D1-937D-8A9A2EA10265}
	EndGlobalSection
EndGlobal
