
Microsoft Visual Studio Solution File, Format Version 12.00
# Visual Studio Version 17
VisualStudioVersion = 17.7.34031.279
MinimumVisualStudioVersion = 10.0.40219.1
Project("{FAE04EC0-301F-11D3-BF4B-00C04F79EFBC}") = "pracOctubre9", "pracOctubrenueve\pracOctubre9.csproj", "{40FE32E1-15F3-4810-A9B6-F406C9671A52}"
EndProject
Global
	GlobalSection(SolutionConfigurationPlatforms) = preSolution
		Debug|Any CPU = Debug|Any CPU
		Release|Any CPU = Release|Any CPU
	EndGlobalSection
	GlobalSection(ProjectConfigurationPlatforms) = postSolution
		{40FE32E1-15F3-4810-A9B6-F406C9671A52}.Debug|Any CPU.ActiveCfg = Debug|Any CPU
		{40FE32E1-15F3-4810-A9B6-F406C9671A52}.Debug|Any CPU.Build.0 = Debug|Any CPU
		{40FE32E1-15F3-4810-A9B6-F406C9671A52}.Release|Any CPU.ActiveCfg = Release|Any CPU
		{40FE32E1-15F3-4810-A9B6-F406C9671A52}.Release|Any CPU.Build.0 = Release|Any CPU
	EndGlobalSection
	GlobalSection(SolutionProperties) = preSolution
		HideSolutionNode = FALSE
	EndGlobalSection
	GlobalSection(ExtensibilityGlobals) = postSolution
		SolutionGuid = {F92C81B8-DCA7-4881-8CF9-A64BBE773186}
	EndGlobalSection
EndGlobal
