
Microsoft Visual Studio Solution File, Format Version 12.00
# Visual Studio Version 17
VisualStudioVersion = 17.7.34031.279
MinimumVisualStudioVersion = 10.0.40219.1
Project("{FAE04EC0-301F-11D3-BF4B-00C04F79EFBC}") = "ejercicio1", "ejercicio1\ejercicio1.csproj", "{050D2655-BBD5-4823-AC78-EE668862CD96}"
EndProject
Project("{FAE04EC0-301F-11D3-BF4B-00C04F79EFBC}") = "Ejercicio22", "Ejercicio22\Ejercicio22.csproj", "{C77695D4-8B6E-4B5C-BF08-56D59A638B98}"
EndProject
Global
	GlobalSection(SolutionConfigurationPlatforms) = preSolution
		Debug|Any CPU = Debug|Any CPU
		Release|Any CPU = Release|Any CPU
	EndGlobalSection
	GlobalSection(ProjectConfigurationPlatforms) = postSolution
		{050D2655-BBD5-4823-AC78-EE668862CD96}.Debug|Any CPU.ActiveCfg = Debug|Any CPU
		{050D2655-BBD5-4823-AC78-EE668862CD96}.Debug|Any CPU.Build.0 = Debug|Any CPU
		{050D2655-BBD5-4823-AC78-EE668862CD96}.Release|Any CPU.ActiveCfg = Release|Any CPU
		{050D2655-BBD5-4823-AC78-EE668862CD96}.Release|Any CPU.Build.0 = Release|Any CPU
		{C77695D4-8B6E-4B5C-BF08-56D59A638B98}.Debug|Any CPU.ActiveCfg = Debug|Any CPU
		{C77695D4-8B6E-4B5C-BF08-56D59A638B98}.Debug|Any CPU.Build.0 = Debug|Any CPU
		{C77695D4-8B6E-4B5C-BF08-56D59A638B98}.Release|Any CPU.ActiveCfg = Release|Any CPU
		{C77695D4-8B6E-4B5C-BF08-56D59A638B98}.Release|Any CPU.Build.0 = Release|Any CPU
	EndGlobalSection
	GlobalSection(SolutionProperties) = preSolution
		HideSolutionNode = FALSE
	EndGlobalSection
	GlobalSection(ExtensibilityGlobals) = postSolution
		SolutionGuid = {8F30B0F5-831E-4AE0-B9BC-70B77651BFC4}
	EndGlobalSection
EndGlobal
